{
    "version": 3,
    "terraform_version": "0.11.11",
    "serial": 19,
    "lineage": "b9cd2adc-242b-6dd0-4b5d-de81ea5c9ad4",
    "modules": [
        {
            "path": [
                "root"
            ],
            "outputs": {
                "output1": {
                    "sensitive": false,
                    "type": "string",
                    "value": "admin"
                },
                "output2": {
                    "sensitive": false,
                    "type": "string",
                    "value": "example2.net"
                },
                "output3": {
                    "sensitive": false,
                    "type": "string",
                    "value": "image-1234"
                },
                "output4": {
                    "sensitive": false,
                    "type": "string",
                    "value": "I \\\"love\\\" escaped quotes"
                },
                "output5": {
                    "sensitive": false,
                    "type": "string",
                    "value": "web-   5"
                }
            },
            "resources": {
                "azurerm_resource_group.test": {
                    "type": "azurerm_resource_group",
                    "depends_on": [],
                    "primary": {
                        "id": "/subscriptions/1d96a493-e9d6-404f-96c6-c4a483b6d7b3/resourceGroups/testResourceGroup1",
                        "attributes": {
                            "id": "/subscriptions/1d96a493-e9d6-404f-96c6-c4a483b6d7b3/resourceGroups/testResourceGroup1",
                            "location": "northeurope",
                            "name": "testResourceGroup1",
                            "tags.%": "1",
                            "tags.environment": "Production"
                        },
                        "meta": {},
                        "tainted": false
                    },
                    "deposed": [],
                    "provider": "provider.azurerm"
                },
                "azurerm_resource_group.test2": {
                    "type": "azurerm_resource_group",
                    "depends_on": [],
                    "primary": {
                        "id": "/subscriptions/1d96a493-e9d6-404f-96c6-c4a483b6d7b3/resourceGroups/testResourceGroup13",
                        "attributes": {
                            "id": "/subscriptions/1d96a493-e9d6-404f-96c6-c4a483b6d7b3/resourceGroups/testResourceGroup13",
                            "location": "centralindia",
                            "name": "testResourceGroup13",
                            "tags.%": "1",
                            "tags.environment": "Production"
                        },
                        "meta": {},
                        "tainted": false
                    },
                    "deposed": [],
                    "provider": "provider.azurerm"
                },
                "azurerm_resource_group.webtest.0": {
                    "type": "azurerm_resource_group",
                    "depends_on": [],
                    "primary": {
                        "id": "/subscriptions/1d96a493-e9d6-404f-96c6-c4a483b6d7b3/resourceGroups/testrg1",
                        "attributes": {
                            "id": "/subscriptions/1d96a493-e9d6-404f-96c6-c4a483b6d7b3/resourceGroups/testrg1",
                            "location": "northeurope",
                            "name": "testrg1",
                            "tags.%": "0"
                        },
                        "meta": {},
                        "tainted": false
                    },
                    "deposed": [],
                    "provider": "provider.azurerm"
                },
                "azurerm_resource_group.webtest.1": {
                    "type": "azurerm_resource_group",
                    "depends_on": [],
                    "primary": {
                        "id": "/subscriptions/1d96a493-e9d6-404f-96c6-c4a483b6d7b3/resourceGroups/testrg2",
                        "attributes": {
                            "id": "/subscriptions/1d96a493-e9d6-404f-96c6-c4a483b6d7b3/resourceGroups/testrg2",
                            "location": "northeurope",
                            "name": "testrg2",
                            "tags.%": "0"
                        },
                        "meta": {},
                        "tainted": false
                    },
                    "deposed": [],
                    "provider": "provider.azurerm"
                }
            },
            "depends_on": []
        }
    ]
}
